
Microsoft Visual Studio Solution File, Format Version 12.00
# Visual Studio 14
VisualStudioVersion = 14.0.25420.1
MinimumVisualStudioVersion = 10.0.40219.1
Project("{FAE04EC0-301F-11D3-BF4B-00C04F79EFBC}") = "Cheops", "Cheops.csproj", "{9C2D7A79-C110-4F7E-97E4-BEE472044BC9}"
EndProject
Global
	GlobalSection(SolutionConfigurationPlatforms) = preSolution
		Debug|Any CPU = Debug|Any CPU
		Release|Any CPU = Release|Any CPU
	EndGlobalSection
	GlobalSection(ProjectConfigurationPlatforms) = postSolution
		{9C2D7A79-C110-4F7E-97E4-BEE472044BC9}.Debug|Any CPU.ActiveCfg = Debug|Any CPU
		{9C2D7A79-C110-4F7E-97E4-BEE472044BC9}.Debug|Any CPU.Build.0 = Debug|Any CPU
		{9C2D7A79-C110-4F7E-97E4-BEE472044BC9}.Release|Any CPU.ActiveCfg = Release|Any CPU
		{9C2D7A79-C110-4F7E-97E4-BEE472044BC9}.Release|Any CPU.Build.0 = Release|Any CPU
	EndGlobalSection
	GlobalSection(SolutionProperties) = preSolution
		HideSolutionNode = FALSE
	EndGlobalSection
EndGlobal
